
Microsoft Visual Studio Solution File, Format Version 12.00
# Visual Studio Version 17
VisualStudioVersion = 17.0.31919.166
MinimumVisualStudioVersion = 10.0.40219.1
Project("{888888A0-9F3D-457C-B088-3A5042F75D52}") = "pythontest", "pythontest\pythontest.pyproj", "{FF811271-9940-42CE-928B-3E74E9DCC8FB}"
EndProject
Global
	GlobalSection(SolutionConfigurationPlatforms) = preSolution
		Debug|Any CPU = Debug|Any CPU
		Release|Any CPU = Release|Any CPU
	EndGlobalSection
	GlobalSection(ProjectConfigurationPlatforms) = postSolution
		{FF811271-9940-42CE-928B-3E74E9DCC8FB}.Debug|Any CPU.ActiveCfg = Debug|Any CPU
		{FF811271-9940-42CE-928B-3E74E9DCC8FB}.Release|Any CPU.ActiveCfg = Release|Any CPU
	EndGlobalSection
	GlobalSection(SolutionProperties) = preSolution
		HideSolutionNode = FALSE
	EndGlobalSection
	GlobalSection(ExtensibilityGlobals) = postSolution
		SolutionGuid = {CFDAF9C9-199D-4BBA-82B9-6C40380BC2CC}
	EndGlobalSection
EndGlobal
